// !$*UTF8*$!
{
	archiveVersion = 1;
	classes = {
	};
	objectVersion = 56;
	objects = {

/* Begin PBXBuildFile section */
		DC17A9FE29FAAD3E00FF5A73 /* EffectsViewController.swift in Sources */ = {isa = PBXBuildFile; fileRef = DC17A9FD29FAAD3E00FF5A73 /* EffectsViewController.swift */; };
		DC17AA0029FAADB600FF5A73 /* FinalImageViewController.swift in Sources */ = {isa = PBXBuildFile; fileRef = DC17A9FF29FAADB600FF5A73 /* FinalImageViewController.swift */; };
		DCB8184429FA20A1005DF16F /* AppDelegate.swift in Sources */ = {isa = PBXBuildFile; fileRef = DCB8184329FA20A1005DF16F /* AppDelegate.swift */; };
		DCB8184629FA20A1005DF16F /* SceneDelegate.swift in Sources */ = {isa = PBXBuildFile; fileRef = DCB8184529FA20A1005DF16F /* SceneDelegate.swift */; };
		DCB8184829FA20A1005DF16F /* ViewController.swift in Sources */ = {isa = PBXBuildFile; fileRef = DCB8184729FA20A1005DF16F /* ViewController.swift */; };
		DCB8184B29FA20A1005DF16F /* Main.storyboard in Resources */ = {isa = PBXBuildFile; fileRef = DCB8184929FA20A1005DF16F /* Main.storyboard */; };
		DCB8184D29FA20A3005DF16F /* Assets.xcassets in Resources */ = {isa = PBXBuildFile; fileRef = DCB8184C29FA20A3005DF16F /* Assets.xcassets */; };
		DCB8185029FA20A3005DF16F /* LaunchScreen.storyboard in Resources */ = {isa = PBXBuildFile; fileRef = DCB8184E29FA20A3005DF16F /* LaunchScreen.storyboard */; };
/* End PBXBuildFile section */

/* Begin PBXFileReference section */
		DC17A9FD29FAAD3E00FF5A73 /* EffectsViewController.swift */ = {isa = PBXFileReference; lastKnownFileType = sourcecode.swift; path = EffectsViewController.swift; sourceTree = "<group>"; };
		DC17A9FF29FAADB600FF5A73 /* FinalImageViewController.swift */ = {isa = PBXFileReference; lastKnownFileType = sourcecode.swift; path = FinalImageViewController.swift; sourceTree = "<group>"; };
		DCB8184029FA20A1005DF16F /* CodingChallengeWanna_VN.app */ = {isa = PBXFileReference; explicitFileType = wrapper.application; includeInIndex = 0; path = CodingChallengeWanna_VN.app; sourceTree = BUILT_PRODUCTS_DIR; };
		DCB8184329FA20A1005DF16F /* AppDelegate.swift */ = {isa = PBXFileReference; lastKnownFileType = sourcecode.swift; path = AppDelegate.swift; sourceTree = "<group>"; };
		DCB8184529FA20A1005DF16F /* SceneDelegate.swift */ = {isa = PBXFileReference; lastKnownFileType = sourcecode.swift; path = SceneDelegate.swift; sourceTree = "<group>"; };
		DCB8184729FA20A1005DF16F /* ViewController.swift */ = {isa = PBXFileReference; lastKnownFileType = sourcecode.swift; path = ViewController.swift; sourceTree = "<group>"; };
		DCB8184A29FA20A1005DF16F /* Base */ = {isa = PBXFileReference; lastKnownFileType = file.storyboard; name = Base; path = Base.lproj/Main.storyboard; sourceTree = "<group>"; };
		DCB8184C29FA20A3005DF16F /* Assets.xcassets */ = {isa = PBXFileReference; lastKnownFileType = folder.assetcatalog; path = Assets.xcassets; sourceTree = "<group>"; };
		DCB8184F29FA20A3005DF16F /* Base */ = {isa = PBXFileReference; lastKnownFileType = file.storyboard; name = Base; path = Base.lproj/LaunchScreen.storyboard; sourceTree = "<group>"; };
		DCB8185129FA20A3005DF16F /* Info.plist */ = {isa = PBXFileReference; lastKnownFileType = text.plist.xml; path = Info.plist; sourceTree = "<group>"; };
/* End PBXFileReference section */

/* Begin PBXFrameworksBuildPhase section */
		DCB8183D29FA20A1005DF16F /* Frameworks */ = {
			isa = PBXFrameworksBuildPhase;
			buildActionMask = 2147483647;
			files = (
			);
			runOnlyForDeploymentPostprocessing = 0;
		};
/* End PBXFrameworksBuildPhase section */

/* Begin PBXGroup section */
		DCB8183729FA20A1005DF16F = {
			isa = PBXGroup;
			children = (
				DCB8184229FA20A1005DF16F /* CodingChallengeWanna_VN */,
				DCB8184129FA20A1005DF16F /* Products */,
			);
			sourceTree = "<group>";
		};
		DCB8184129FA20A1005DF16F /* Products */ = {
			isa = PBXGroup;
			children = (
				DCB8184029FA20A1005DF16F /* CodingChallengeWanna_VN.app */,
			);
			name = Products;
			sourceTree = "<group>";
		};
		DCB8184229FA20A1005DF16F /* CodingChallengeWanna_VN */ = {
			isa = PBXGroup;
			children = (
				DCB8184329FA20A1005DF16F /* AppDelegate.swift */,
				DCB8184529FA20A1005DF16F /* SceneDelegate.swift */,
				DCB8184729FA20A1005DF16F /* ViewController.swift */,
				DCB8184929FA20A1005DF16F /* Main.storyboard */,
				DCB8184C29FA20A3005DF16F /* Assets.xcassets */,
				DCB8184E29FA20A3005DF16F /* LaunchScreen.storyboard */,
				DCB8185129FA20A3005DF16F /* Info.plist */,
				DC17A9FD29FAAD3E00FF5A73 /* EffectsViewController.swift */,
				DC17A9FF29FAADB600FF5A73 /* FinalImageViewController.swift */,
			);
			path = CodingChallengeWanna_VN;
			sourceTree = "<group>";
		};
/* End PBXGroup section */

/* Begin PBXNativeTarget section */
		DCB8183F29FA20A1005DF16F /* CodingChallengeWanna_VN */ = {
			isa = PBXNativeTarget;
			buildConfigurationList = DCB8185429FA20A3005DF16F /* Build configuration list for PBXNativeTarget "CodingChallengeWanna_VN" */;
			buildPhases = (
				DCB8183C29FA20A1005DF16F /* Sources */,
				DCB8183D29FA20A1005DF16F /* Frameworks */,
				DCB8183E29FA20A1005DF16F /* Resources */,
			);
			buildRules = (
			);
			dependencies = (
			);
			name = CodingChallengeWanna_VN;
			productName = CodingChallengeWanna_VN;
			productReference = DCB8184029FA20A1005DF16F /* CodingChallengeWanna_VN.app */;
			productType = "com.apple.product-type.application";
		};
/* End PBXNativeTarget section */

/* Begin PBXProject section */
		DCB8183829FA20A1005DF16F /* Project object */ = {
			isa = PBXProject;
			attributes = {
				BuildIndependentTargetsInParallel = 1;
				LastSwiftUpdateCheck = 1430;
				LastUpgradeCheck = 1430;
				TargetAttributes = {
					DCB8183F29FA20A1005DF16F = {
						CreatedOnToolsVersion = 14.3;
					};
				};
			};
			buildConfigurationList = DCB8183B29FA20A1005DF16F /* Build configuration list for PBXProject "CodingChallengeWanna_VN" */;
			compatibilityVersion = "Xcode 14.0";
			developmentRegion = en;
			hasScannedForEncodings = 0;
			knownRegions = (
				en,
				Base,
			);
			mainGroup = DCB8183729FA20A1005DF16F;
			productRefGroup = DCB8184129FA20A1005DF16F /* Products */;
			projectDirPath = "";
			projectRoot = "";
			targets = (
				DCB8183F29FA20A1005DF16F /* CodingChallengeWanna_VN */,
			);
		};
/* End PBXProject section */

/* Begin PBXResourcesBuildPhase section */
		DCB8183E29FA20A1005DF16F /* Resources */ = {
			isa = PBXResourcesBuildPhase;
			buildActionMask = 2147483647;
			files = (
				DCB8185029FA20A3005DF16F /* LaunchScreen.storyboard in Resources */,
				DCB8184D29FA20A3005DF16F /* Assets.xcassets in Resources */,
				DCB8184B29FA20A1005DF16F /* Main.storyboard in Resources */,
			);
			runOnlyForDeploymentPostprocessing = 0;
		};
/* End PBXResourcesBuildPhase section */

/* Begin PBXSourcesBuildPhase section */
		DCB8183C29FA20A1005DF16F /* Sources */ = {
			isa = PBXSourcesBuildPhase;
			buildActionMask = 2147483647;
			files = (
				DCB8184829FA20A1005DF16F /* ViewController.swift in Sources */,
				DC17A9FE29FAAD3E00FF5A73 /* EffectsViewController.swift in Sources */,
				DC17AA0029FAADB600FF5A73 /* FinalImageViewController.swift in Sources */,
				DCB8184429FA20A1005DF16F /* AppDelegate.swift in Sources */,
				DCB8184629FA20A1005DF16F /* SceneDelegate.swift in Sources */,
			);
			runOnlyForDeploymentPostprocessing = 0;
		};
/* End PBXSourcesBuildPhase section */

/* Begin PBXVariantGroup section */
		DCB8184929FA20A1005DF16F /* Main.storyboard */ = {
			isa = PBXVariantGroup;
			children = (
				DCB8184A29FA20A1005DF16F /* Base */,
			);
			name = Main.storyboard;
			sourceTree = "<group>";
		};
		DCB8184E29FA20A3005DF16F /* LaunchScreen.storyboard */ = {
			isa = PBXVariantGroup;
			children = (
				DCB8184F29FA20A3005DF16F /* Base */,
			);
			name = LaunchScreen.storyboard;
			sourceTree = "<group>";
		};
/* End PBXVariantGroup section */

/* Begin XCBuildConfiguration section */
		DCB8185229FA20A3005DF16F /* Debug */ = {
			isa = XCBuildConfiguration;
			buildSettings = {
				ALWAYS_SEARCH_USER_PATHS = NO;
				CLANG_ANALYZER_NONNULL = YES;
				CLANG_ANALYZER_NUMBER_OBJECT_CONVERSION = YES_AGGRESSIVE;
				CLANG_CXX_LANGUAGE_STANDARD = "gnu++20";
				CLANG_ENABLE_MODULES = YES;
				CLANG_ENABLE_OBJC_ARC = YES;
				CLANG_ENABLE_OBJC_WEAK = YES;
				CLANG_WARN_BLOCK_CAPTURE_AUTORELEASING = YES;
				CLANG_WARN_BOOL_CONVERSION = YES;
				CLANG_WARN_COMMA = YES;
				CLANG_WARN_CONSTANT_CONVERSION = YES;
				CLANG_WARN_DEPRECATED_OBJC_IMPLEMENTATIONS = YES;
				CLANG_WARN_DIRECT_OBJC_ISA_USAGE = YES_ERROR;
				CLANG_WARN_DOCUMENTATION_COMMENTS = YES;
				CLANG_WARN_EMPTY_BODY = YES;
				CLANG_WARN_ENUM_CONVERSION = YES;
				CLANG_WARN_INFINITE_RECURSION = YES;
				CLANG_WARN_INT_CONVERSION = YES;
				CLANG_WARN_NON_LITERAL_NULL_CONVERSION = YES;
				CLANG_WARN_OBJC_IMPLICIT_RETAIN_SELF = YES;
				CLANG_WARN_OBJC_LITERAL_CONVERSION = YES;
				CLANG_WARN_OBJC_ROOT_CLASS = YES_ERROR;
				CLANG_WARN_QUOTED_INCLUDE_IN_FRAMEWORK_HEADER = YES;
				CLANG_WARN_RANGE_LOOP_ANALYSIS = YES;
				CLANG_WARN_STRICT_PROTOTYPES = YES;
				CLANG_WARN_SUSPICIOUS_MOVE = YES;
				CLANG_WARN_UNGUARDED_AVAILABILITY = YES_AGGRESSIVE;
				CLANG_WARN_UNREACHABLE_CODE = YES;
				CLANG_WARN__DUPLICATE_METHOD_MATCH = YES;
				COPY_PHASE_STRIP = NO;
				DEBUG_INFORMATION_FORMAT = dwarf;
				ENABLE_STRICT_OBJC_MSGSEND = YES;
				ENABLE_TESTABILITY = YES;
				GCC_C_LANGUAGE_STANDARD = gnu11;
				GCC_DYNAMIC_NO_PIC = NO;
				GCC_NO_COMMON_BLOCKS = YES;
				GCC_OPTIMIZATION_LEVEL = 0;
				GCC_PREPROCESSOR_DEFINITIONS = (
					"DEBUG=1",
					"$(inherited)",
				);
				GCC_WARN_64_TO_32_BIT_CONVERSION = YES;
				GCC_WARN_ABOUT_RETURN_TYPE = YES_ERROR;
				GCC_WARN_UNDECLARED_SELECTOR = YES;
				GCC_WARN_UNINITIALIZED_AUTOS = YES_AGGRESSIVE;
				GCC_WARN_UNUSED_FUNCTION = YES;
				GCC_WARN_UNUSED_VARIABLE = YES;
				IPHONEOS_DEPLOYMENT_TARGET = 16.4;
				MTL_ENABLE_DEBUG_INFO = INCLUDE_SOURCE;
				MTL_FAST_MATH = YES;
				ONLY_ACTIVE_ARCH = YES;
				SDKROOT = iphoneos;
				SWIFT_ACTIVE_COMPILATION_CONDITIONS = DEBUG;
				SWIFT_OPTIMIZATION_LEVEL = "-Onone";
			};
			name = Debug;
		};
		DCB8185329FA20A3005DF16F /* Release */ = {
			isa = XCBuildConfiguration;
			buildSettings = {
				ALWAYS_SEARCH_USER_PATHS = NO;
				CLANG_ANALYZER_NONNULL = YES;
				CLANG_ANALYZER_NUMBER_OBJECT_CONVERSION = YES_AGGRESSIVE;
				CLANG_CXX_LANGUAGE_STANDARD = "gnu++20";
				CLANG_ENABLE_MODULES = YES;
				CLANG_ENABLE_OBJC_ARC = YES;
				CLANG_ENABLE_OBJC_WEAK = YES;
				CLANG_WARN_BLOCK_CAPTURE_AUTORELEASING = YES;
				CLANG_WARN_BOOL_CONVERSION = YES;
				CLANG_WARN_COMMA = YES;
				CLANG_WARN_CONSTANT_CONVERSION = YES;
				CLANG_WARN_DEPRECATED_OBJC_IMPLEMENTATIONS = YES;
				CLANG_WARN_DIRECT_OBJC_ISA_USAGE = YES_ERROR;
				CLANG_WARN_DOCUMENTATION_COMMENTS = YES;
				CLANG_WARN_EMPTY_BODY = YES;
				CLANG_WARN_ENUM_CONVERSION = YES;
				CLANG_WARN_INFINITE_RECURSION = YES;
				CLANG_WARN_INT_CONVERSION = YES;
				CLANG_WARN_NON_LITERAL_NULL_CONVERSION = YES;
				CLANG_WARN_OBJC_IMPLICIT_RETAIN_SELF = YES;
				CLANG_WARN_OBJC_LITERAL_CONVERSION = YES;
				CLANG_WARN_OBJC_ROOT_CLASS = YES_ERROR;
				CLANG_WARN_QUOTED_INCLUDE_IN_FRAMEWORK_HEADER = YES;
				CLANG_WARN_RANGE_LOOP_ANALYSIS = YES;
				CLANG_WARN_STRICT_PROTOTYPES = YES;
				CLANG_WARN_SUSPICIOUS_MOVE = YES;
				CLANG_WARN_UNGUARDED_AVAILABILITY = YES_AGGRESSIVE;
				CLANG_WARN_UNREACHABLE_CODE = YES;
				CLANG_WARN__DUPLICATE_METHOD_MATCH = YES;
				COPY_PHASE_STRIP = NO;
				DEBUG_INFORMATION_FORMAT = "dwarf-with-dsym";
				ENABLE_NS_ASSERTIONS = NO;
				ENABLE_STRICT_OBJC_MSGSEND = YES;
				GCC_C_LANGUAGE_STANDARD = gnu11;
				GCC_NO_COMMON_BLOCKS = YES;
				GCC_WARN_64_TO_32_BIT_CONVERSION = YES;
				GCC_WARN_ABOUT_RETURN_TYPE = YES_ERROR;
				GCC_WARN_UNDECLARED_SELECTOR = YES;
				GCC_WARN_UNINITIALIZED_AUTOS = YES_AGGRESSIVE;
				GCC_WARN_UNUSED_FUNCTION = YES;
				GCC_WARN_UNUSED_VARIABLE = YES;
				IPHONEOS_DEPLOYMENT_TARGET = 16.4;
				MTL_ENABLE_DEBUG_INFO = NO;
				MTL_FAST_MATH = YES;
				SDKROOT = iphoneos;
				SWIFT_COMPILATION_MODE = wholemodule;
				SWIFT_OPTIMIZATION_LEVEL = "-O";
				VALIDATE_PRODUCT = YES;
			};
			name = Release;
		};
		DCB8185529FA20A3005DF16F /* Debug */ = {
			isa = XCBuildConfiguration;
			buildSettings = {
				ASSETCATALOG_COMPILER_APPICON_NAME = AppIcon;
				ASSETCATALOG_COMPILER_GLOBAL_ACCENT_COLOR_NAME = AccentColor;
				CODE_SIGN_STYLE = Automatic;
				CURRENT_PROJECT_VERSION = 1;
				DEVELOPMENT_TEAM = 25T396R226;
				GENERATE_INFOPLIST_FILE = YES;
				INFOPLIST_FILE = CodingChallengeWanna_VN/Info.plist;
				INFOPLIST_KEY_NSCameraUsageDescription = "Need to access your camera library";
				INFOPLIST_KEY_NSPhotoLibraryUsageDescription = "Need to access your photo library";
				INFOPLIST_KEY_UIApplicationSupportsIndirectInputEvents = YES;
				INFOPLIST_KEY_UILaunchStoryboardName = LaunchScreen;
				INFOPLIST_KEY_UIMainStoryboardFile = Main;
				INFOPLIST_KEY_UISupportedInterfaceOrientations_iPad = "UIInterfaceOrientationPortrait UIInterfaceOrientationPortraitUpsideDown UIInterfaceOrientationLandscapeLeft UIInterfaceOrientationLandscapeRight";
				INFOPLIST_KEY_UISupportedInterfaceOrientations_iPhone = "UIInterfaceOrientationPortrait UIInterfaceOrientationLandscapeLeft UIInterfaceOrientationLandscapeRight";
				LD_RUNPATH_SEARCH_PATHS = (
					"$(inherited)",
					"@executable_path/Frameworks",
				);
				MARKETING_VERSION = 1.0;
				PRODUCT_BUNDLE_IDENTIFIER = "vn.CodingChallengeWanna-VN";
				PRODUCT_NAME = "$(TARGET_NAME)";
				SWIFT_EMIT_LOC_STRINGS = YES;
				SWIFT_VERSION = 5.0;
				TARGETED_DEVICE_FAMILY = "1,2";
			};
			name = Debug;
		};
		DCB8185629FA20A3005DF16F /* Release */ = {
			isa = XCBuildConfiguration;
			buildSettings = {
				ASSETCATALOG_COMPILER_APPICON_NAME = AppIcon;
				ASSETCATALOG_COMPILER_GLOBAL_ACCENT_COLOR_NAME = AccentColor;
				CODE_SIGN_STYLE = Automatic;
				CURRENT_PROJECT_VERSION = 1;
				DEVELOPMENT_TEAM = 25T396R226;
				GENERATE_INFOPLIST_FILE = YES;
				INFOPLIST_FILE = CodingChallengeWanna_VN/Info.plist;
				INFOPLIST_KEY_NSCameraUsageDescription = "Need to access your camera library";
				INFOPLIST_KEY_NSPhotoLibraryUsageDescription = "Need to access your photo library";
				INFOPLIST_KEY_UIApplicationSupportsIndirectInputEvents = YES;
				INFOPLIST_KEY_UILaunchStoryboardName = LaunchScreen;
				INFOPLIST_KEY_UIMainStoryboardFile = Main;
				INFOPLIST_KEY_UISupportedInterfaceOrientations_iPad = "UIInterfaceOrientationPortrait UIInterfaceOrientationPortraitUpsideDown UIInterfaceOrientationLandscapeLeft UIInterfaceOrientationLandscapeRight";
				INFOPLIST_KEY_UISupportedInterfaceOrientations_iPhone = "UIInterfaceOrientationPortrait UIInterfaceOrientationLandscapeLeft UIInterfaceOrientationLandscapeRight";
				LD_RUNPATH_SEARCH_PATHS = (
					"$(inherited)",
					"@executable_path/Frameworks",
				);
				MARKETING_VERSION = 1.0;
				PRODUCT_BUNDLE_IDENTIFIER = "vn.CodingChallengeWanna-VN";
				PRODUCT_NAME = "$(TARGET_NAME)";
				SWIFT_EMIT_LOC_STRINGS = YES;
				SWIFT_VERSION = 5.0;
				TARGETED_DEVICE_FAMILY = "1,2";
			};
			name = Release;
		};
/* End XCBuildConfiguration section */

/* Begin XCConfigurationList section */
		DCB8183B29FA20A1005DF16F /* Build configuration list for PBXProject "CodingChallengeWanna_VN" */ = {
			isa = XCConfigurationList;
			buildConfigurations = (
				DCB8185229FA20A3005DF16F /* Debug */,
				DCB8185329FA20A3005DF16F /* Release */,
			);
			defaultConfigurationIsVisible = 0;
			defaultConfigurationName = Release;
		};
		DCB8185429FA20A3005DF16F /* Build configuration list for PBXNativeTarget "CodingChallengeWanna_VN" */ = {
			isa = XCConfigurationList;
			buildConfigurations = (
				DCB8185529FA20A3005DF16F /* Debug */,
				DCB8185629FA20A3005DF16F /* Release */,
			);
			defaultConfigurationIsVisible = 0;
			defaultConfigurationName = Release;
		};
/* End XCConfigurationList section */
	};
	rootObject = DCB8183829FA20A1005DF16F /* Project object */;
}
